
Microsoft Visual Studio Solution File, Format Version 12.00
# Visual Studio 15
VisualStudioVersion = 15.0.26730.10
MinimumVisualStudioVersion = 10.0.40219.1
Project("{8BC9CEB8-8B4A-11D0-8D11-00A0C91BC942}") = "Ark", "Ark\Ark.vcxproj", "{2FE6C520-4D52-47A3-A815-AD717DE6A623}"
EndProject
Project("{2150E333-8FDC-42A3-9474-1A3956D46DE8}") = "Solution Items", "Solution Items", "{311C73D9-A670-4DBA-8710-954E9C96E1EE}"
	ProjectSection(SolutionItems) = preProject
		test.json = test.json
	EndProjectSection
EndProject
Global
	GlobalSection(SolutionConfigurationPlatforms) = preSolution
		Debug|x64 = Debug|x64
		Debug|x86 = Debug|x86
		Release|x64 = Release|x64
		Release|x86 = Release|x86
	EndGlobalSection
	GlobalSection(ProjectConfigurationPlatforms) = postSolution
		{2FE6C520-4D52-47A3-A815-AD717DE6A623}.Debug|x64.ActiveCfg = Debug|x64
		{2FE6C520-4D52-47A3-A815-AD717DE6A623}.Debug|x64.Build.0 = Debug|x64
		{2FE6C520-4D52-47A3-A815-AD717DE6A623}.Debug|x86.ActiveCfg = Debug|Win32
		{2FE6C520-4D52-47A3-A815-AD717DE6A623}.Debug|x86.Build.0 = Debug|Win32
		{2FE6C520-4D52-47A3-A815-AD717DE6A623}.Release|x64.ActiveCfg = Release|x64
		{2FE6C520-4D52-47A3-A815-AD717DE6A623}.Release|x64.Build.0 = Release|x64
		{2FE6C520-4D52-47A3-A815-AD717DE6A623}.Release|x86.ActiveCfg = Release|Win32
		{2FE6C520-4D52-47A3-A815-AD717DE6A623}.Release|x86.Build.0 = Release|Win32
	EndGlobalSection
	GlobalSection(SolutionProperties) = preSolution
		HideSolutionNode = FALSE
	EndGlobalSection
	GlobalSection(ExtensibilityGlobals) = postSolution
		SolutionGuid = {C28E3E43-EBB5-4E26-B425-D3F020B43ECE}
	EndGlobalSection
EndGlobal
